
Microsoft Visual Studio Solution File, Format Version 12.00
# Visual Studio Version 16
VisualStudioVersion = 16.0.32510.428
MinimumVisualStudioVersion = 10.0.40219.1
Project("{FAE04EC0-301F-11D3-BF4B-00C04F79EFBC}") = "FsAFS", "FsAFS\FsAFS.csproj", "{575E2657-442D-4C82-AC08-585975E44A4B}"
EndProject
Project("{54435603-DBB4-11D2-8724-00A0C9A8B90C}") = "FsAFS_Setup", "FsAFS_Setup\FsAFS_Setup.vdproj", "{777CC199-1F5B-431E-BA6F-849BA21B3E81}"
EndProject
Global
	GlobalSection(SolutionConfigurationPlatforms) = preSolution
		Debug|Any CPU = Debug|Any CPU
		Release|Any CPU = Release|Any CPU
	EndGlobalSection
	GlobalSection(ProjectConfigurationPlatforms) = postSolution
		{575E2657-442D-4C82-AC08-585975E44A4B}.Debug|Any CPU.ActiveCfg = Debug|Any CPU
		{575E2657-442D-4C82-AC08-585975E44A4B}.Debug|Any CPU.Build.0 = Debug|Any CPU
		{575E2657-442D-4C82-AC08-585975E44A4B}.Release|Any CPU.ActiveCfg = Release|Any CPU
		{575E2657-442D-4C82-AC08-585975E44A4B}.Release|Any CPU.Build.0 = Release|Any CPU
		{777CC199-1F5B-431E-BA6F-849BA21B3E81}.Debug|Any CPU.ActiveCfg = Debug
		{777CC199-1F5B-431E-BA6F-849BA21B3E81}.Release|Any CPU.ActiveCfg = Release
	EndGlobalSection
	GlobalSection(SolutionProperties) = preSolution
		HideSolutionNode = FALSE
	EndGlobalSection
	GlobalSection(ExtensibilityGlobals) = postSolution
		SolutionGuid = {7EA28DEB-A897-4A9F-A624-0AF239E77855}
	EndGlobalSection
EndGlobal
